
Microsoft Visual Studio Solution File, Format Version 12.00
# Visual Studio Version 17
VisualStudioVersion = 17.11.35312.102
MinimumVisualStudioVersion = 10.0.40219.1
Project("{FAE04EC0-301F-11D3-BF4B-00C04F79EFBC}") = "ConsoleAppLorenzo", "ConsoleAppLorenzo\ConsoleAppLorenzo.csproj", "{31F7923A-F97C-49BD-9671-C929529E7E2A}"
EndProject
Global
	GlobalSection(SolutionConfigurationPlatforms) = preSolution
		Debug|Any CPU = Debug|Any CPU
		Release|Any CPU = Release|Any CPU
	EndGlobalSection
	GlobalSection(ProjectConfigurationPlatforms) = postSolution
		{31F7923A-F97C-49BD-9671-C929529E7E2A}.Debug|Any CPU.ActiveCfg = Debug|Any CPU
		{31F7923A-F97C-49BD-9671-C929529E7E2A}.Debug|Any CPU.Build.0 = Debug|Any CPU
		{31F7923A-F97C-49BD-9671-C929529E7E2A}.Release|Any CPU.ActiveCfg = Release|Any CPU
		{31F7923A-F97C-49BD-9671-C929529E7E2A}.Release|Any CPU.Build.0 = Release|Any CPU
	EndGlobalSection
	GlobalSection(SolutionProperties) = preSolution
		HideSolutionNode = FALSE
	EndGlobalSection
	GlobalSection(ExtensibilityGlobals) = postSolution
		SolutionGuid = {F54CE374-3CEC-4437-A2C6-A12B618D0CEE}
	EndGlobalSection
EndGlobal
