
Microsoft Visual Studio Solution File, Format Version 12.00
# Visual Studio Version 17
VisualStudioVersion = 17.11.35327.3
MinimumVisualStudioVersion = 10.0.40219.1
Project("{9A19103F-16F7-4668-BE54-9A1E7A4F7556}") = "EsercitazioneEredita", "EsercitazioneEredita\EsercitazioneEredita.csproj", "{3B690434-750C-4D41-8EF1-836F90D7C8FE}"
EndProject
Project("{FAE04EC0-301F-11D3-BF4B-00C04F79EFBC}") = "TestOperations", "TestOperations\TestOperations.csproj", "{CA121D8E-FDE3-4D8E-A792-002DF3ECE1E0}"
EndProject
Global
	GlobalSection(SolutionConfigurationPlatforms) = preSolution
		Debug|Any CPU = Debug|Any CPU
		Release|Any CPU = Release|Any CPU
	EndGlobalSection
	GlobalSection(ProjectConfigurationPlatforms) = postSolution
		{3B690434-750C-4D41-8EF1-836F90D7C8FE}.Debug|Any CPU.ActiveCfg = Debug|Any CPU
		{3B690434-750C-4D41-8EF1-836F90D7C8FE}.Debug|Any CPU.Build.0 = Debug|Any CPU
		{3B690434-750C-4D41-8EF1-836F90D7C8FE}.Release|Any CPU.ActiveCfg = Release|Any CPU
		{3B690434-750C-4D41-8EF1-836F90D7C8FE}.Release|Any CPU.Build.0 = Release|Any CPU
		{CA121D8E-FDE3-4D8E-A792-002DF3ECE1E0}.Debug|Any CPU.ActiveCfg = Debug|Any CPU
		{CA121D8E-FDE3-4D8E-A792-002DF3ECE1E0}.Debug|Any CPU.Build.0 = Debug|Any CPU
		{CA121D8E-FDE3-4D8E-A792-002DF3ECE1E0}.Release|Any CPU.ActiveCfg = Release|Any CPU
		{CA121D8E-FDE3-4D8E-A792-002DF3ECE1E0}.Release|Any CPU.Build.0 = Release|Any CPU
	EndGlobalSection
	GlobalSection(SolutionProperties) = preSolution
		HideSolutionNode = FALSE
	EndGlobalSection
	GlobalSection(ExtensibilityGlobals) = postSolution
		SolutionGuid = {A4DC169F-606D-4E36-98C1-83984D4EB906}
	EndGlobalSection
EndGlobal
